
Microsoft Visual Studio Solution File, Format Version 12.00
# Visual Studio 2012
Project("{FAE04EC0-301F-11D3-BF4B-00C04F79EFBC}") = "DnsTests", "DnsTests\DnsTests.csproj", "{0EDCE91C-9A44-45F7-A38B-8C16B944F57B}"
EndProject
Project("{FAE04EC0-301F-11D3-BF4B-00C04F79EFBC}") = "Dns", "Dns\Dns.csproj", "{9E39C971-92EC-4BD0-90DC-472C422F9376}"
EndProject
Global
	GlobalSection(TeamFoundationVersionControl) = preSolution
		SccNumberOfProjects = 3
		SccEnterpriseProvider = {4CA58AB2-18FA-4F8D-95D4-32DDF27D184C}
		SccTeamFoundationServer = http://vstfxbox:8080/tfs/ieb
		SccLocalPath0 = .
		SccProjectUniqueName1 = Dns\\Dns.csproj
		SccProjectName1 = Dns
		SccLocalPath1 = Dns
		SccProjectUniqueName2 = DnsTests\\DnsTests.csproj
		SccProjectName2 = DnsTests
		SccLocalPath2 = DnsTests
	EndGlobalSection
	GlobalSection(SolutionConfigurationPlatforms) = preSolution
		Debug|Any CPU = Debug|Any CPU
		Release|Any CPU = Release|Any CPU
	EndGlobalSection
	GlobalSection(ProjectConfigurationPlatforms) = postSolution
		{0EDCE91C-9A44-45F7-A38B-8C16B944F57B}.Debug|Any CPU.ActiveCfg = Debug|Any CPU
		{0EDCE91C-9A44-45F7-A38B-8C16B944F57B}.Debug|Any CPU.Build.0 = Debug|Any CPU
		{0EDCE91C-9A44-45F7-A38B-8C16B944F57B}.Release|Any CPU.ActiveCfg = Release|Any CPU
		{0EDCE91C-9A44-45F7-A38B-8C16B944F57B}.Release|Any CPU.Build.0 = Release|Any CPU
		{9E39C971-92EC-4BD0-90DC-472C422F9376}.Debug|Any CPU.ActiveCfg = Debug|Any CPU
		{9E39C971-92EC-4BD0-90DC-472C422F9376}.Debug|Any CPU.Build.0 = Debug|Any CPU
		{9E39C971-92EC-4BD0-90DC-472C422F9376}.Release|Any CPU.ActiveCfg = Release|Any CPU
		{9E39C971-92EC-4BD0-90DC-472C422F9376}.Release|Any CPU.Build.0 = Release|Any CPU
	EndGlobalSection
	GlobalSection(SolutionProperties) = preSolution
		HideSolutionNode = FALSE
	EndGlobalSection
EndGlobal
